{
  "name": "cross-domain-demo",
  "version": "0.0.1",
  "lockfileVersion": 1,
  "dependencies": {
    "accepts": {
      "version": "1.3.3",
      "resolved": "http://registry.npm.taobao.org/accepts/download/accepts-1.3.3.tgz",
      "integrity": "sha1-w8p0NJOGSMPg2cHjKN1otiLChMo="
    },
    "after": {
      "version": "0.8.2",
      "resolved": "http://registry.npm.taobao.org/after/download/after-0.8.2.tgz",
      "integrity": "sha1-/ts5T58OAqqXaOcCvaI7UF+ufh8="
    },
    "arr-diff": {
      "version": "2.0.0",
      "resolved": "http://registry.npm.taobao.org/arr-diff/download/arr-diff-2.0.0.tgz",
      "integrity": "sha1-jzuCf5Vai9ZpaX5KQlasPOrjVs8="
    },
    "arr-flatten": {
      "version": "1.0.3",
      "resolved": "http://registry.npm.taobao.org/arr-flatten/download/arr-flatten-1.0.3.tgz",
      "integrity": "sha1-onTthawIhJtr14R8RYB0XcUa37E="
    },
    "array-flatten": {
      "version": "1.1.1",
      "resolved": "http://registry.npm.taobao.org/array-flatten/download/array-flatten-1.1.1.tgz",
      "integrity": "sha1-ml9pkFGx5wczKPKgCJaLZOopVdI="
    },
    "array-unique": {
      "version": "0.2.1",
      "resolved": "http://registry.npm.taobao.org/array-unique/download/array-unique-0.2.1.tgz",
      "integrity": "sha1-odl8yvy8JiXMcPrc6zalDFiwGlM="
    },
    "arraybuffer.slice": {
      "version": "0.0.6",
      "resolved": "http://registry.npm.taobao.org/arraybuffer.slice/download/arraybuffer.slice-0.0.6.tgz",
      "integrity": "sha1-8zshWfBTKj8xB6JywMz70a0peco="
    },
    "backo2": {
      "version": "1.0.2",
      "resolved": "http://registry.npm.taobao.org/backo2/download/backo2-1.0.2.tgz",
      "integrity": "sha1-MasayLEpNjRj41s+u2n038+6eUc="
    },
    "base64-arraybuffer": {
      "version": "0.1.5",
      "resolved": "http://registry.npm.taobao.org/base64-arraybuffer/download/base64-arraybuffer-0.1.5.tgz",
      "integrity": "sha1-c5JncZI7Whl0etZmqlzUv5xunOg="
    },
    "base64id": {
      "version": "1.0.0",
      "resolved": "http://registry.npm.taobao.org/base64id/download/base64id-1.0.0.tgz",
      "integrity": "sha1-R2iMuZu2gE8OBtPnY7HDLlfY5rY="
    },
    "better-assert": {
      "version": "1.0.2",
      "resolved": "http://registry.npm.taobao.org/better-assert/download/better-assert-1.0.2.tgz",
      "integrity": "sha1-QIZrnhueC1W0gYlDEeaPr/rrxSI="
    },
    "blob": {
      "version": "0.0.4",
      "resolved": "http://registry.npm.taobao.org/blob/download/blob-0.0.4.tgz",
      "integrity": "sha1-vPEwUspURj8w+fx+lbmkdjCpSSE="
    },
    "braces": {
      "version": "1.8.5",
      "resolved": "http://registry.npm.taobao.org/braces/download/braces-1.8.5.tgz",
      "integrity": "sha1-uneWLhLf+WnWt2cR6RS3N4V79qc="
    },
    "callsite": {
      "version": "1.0.0",
      "resolved": "http://registry.npm.taobao.org/callsite/download/callsite-1.0.0.tgz",
      "integrity": "sha1-KAOY5dZkvXQDi28JBRU+borxvCA="
    },
    "component-bind": {
      "version": "1.0.0",
      "resolved": "http://registry.npm.taobao.org/component-bind/download/component-bind-1.0.0.tgz",
      "integrity": "sha1-AMYIq33Nk4l8AAllGx06jh5zu9E="
    },
    "component-emitter": {
      "version": "1.2.1",
      "resolved": "http://registry.npm.taobao.org/component-emitter/download/component-emitter-1.2.1.tgz",
      "integrity": "sha1-E3kY1teCg/ffemt8WmPhQOaUJeY="
    },
    "component-inherit": {
      "version": "0.0.3",
      "resolved": "http://registry.npm.taobao.org/component-inherit/download/component-inherit-0.0.3.tgz",
      "integrity": "sha1-ZF/ErfWLcrZJ1crmUTVhnbJv8UM="
    },
    "content-disposition": {
      "version": "0.5.2",
      "resolved": "http://registry.npm.taobao.org/content-disposition/download/content-disposition-0.5.2.tgz",
      "integrity": "sha1-DPaLud318r55YcOoUXjLhdunjLQ="
    },
    "content-type": {
      "version": "1.0.2",
      "resolved": "http://registry.npm.taobao.org/content-type/download/content-type-1.0.2.tgz",
      "integrity": "sha1-t9ETrueo3Se9IRM8TcJSnfFyHu0="
    },
    "cookie": {
      "version": "0.3.1",
      "resolved": "http://registry.npm.taobao.org/cookie/download/cookie-0.3.1.tgz",
      "integrity": "sha1-5+Ch+e9DtMi6klxcWpboBtFoc7s="
    },
    "cookie-signature": {
      "version": "1.0.6",
      "resolved": "http://registry.npm.taobao.org/cookie-signature/download/cookie-signature-1.0.6.tgz",
      "integrity": "sha1-4wOogrNCzD7oylE6eZmXNNqzriw="
    },
    "debug": {
      "version": "2.6.7",
      "resolved": "http://registry.npm.taobao.org/debug/download/debug-2.6.7.tgz",
      "integrity": "sha1-krrR9tBbu2u6Isyoi80OyJTChh4="
    },
    "depd": {
      "version": "1.1.0",
      "resolved": "http://registry.npm.taobao.org/depd/download/depd-1.1.0.tgz",
      "integrity": "sha1-4b2Cxqq2ztlluXuIsX7T5SjKGMM="
    },
    "destroy": {
      "version": "1.0.4",
      "resolved": "http://registry.npm.taobao.org/destroy/download/destroy-1.0.4.tgz",
      "integrity": "sha1-l4hXRCxEdJ5CBmE+N5RiBYJqvYA="
    },
    "ee-first": {
      "version": "1.1.1",
      "resolved": "http://registry.npm.taobao.org/ee-first/download/ee-first-1.1.1.tgz",
      "integrity": "sha1-WQxhFWsK4vTwJVcyoViyZrxWsh0="
    },
    "encodeurl": {
      "version": "1.0.1",
      "resolved": "http://registry.npm.taobao.org/encodeurl/download/encodeurl-1.0.1.tgz",
      "integrity": "sha1-eePVhlU0aQn+bw9Fpd5oEDspTSA="
    },
    "engine.io": {
      "version": "3.1.0",
      "resolved": "http://registry.npm.taobao.org/engine.io/download/engine.io-3.1.0.tgz",
      "integrity": "sha1-XKQ4486f28kVxKIcjdnhJmcG5X4="
    },
    "engine.io-client": {
      "version": "3.1.1",
      "resolved": "http://registry.npm.taobao.org/engine.io-client/download/engine.io-client-3.1.1.tgz",
      "integrity": "sha1-QVqYUrrbFPoAj6PvHjFgjbZ2EyU="
    },
    "engine.io-parser": {
      "version": "2.1.1",
      "resolved": "http://registry.npm.taobao.org/engine.io-parser/download/engine.io-parser-2.1.1.tgz",
      "integrity": "sha1-4Ps/DgRi9/WLt3waUun1p+JuRmg="
    },
    "escape-html": {
      "version": "1.0.3",
      "resolved": "http://registry.npm.taobao.org/escape-html/download/escape-html-1.0.3.tgz",
      "integrity": "sha1-Aljq5NPQwJdN4cFpGI7wBR0dGYg="
    },
    "etag": {
      "version": "1.8.0",
      "resolved": "http://registry.npm.taobao.org/etag/download/etag-1.8.0.tgz",
      "integrity": "sha1-b2Ma7zNtbEY2K1F2QETOIWvjwFE="
    },
    "eventemitter3": {
      "version": "1.2.0",
      "resolved": "http://registry.npm.taobao.org/eventemitter3/download/eventemitter3-1.2.0.tgz",
      "integrity": "sha1-HIaZHYFq0eUEdQ5zh0Ik7PO+xQg="
    },
    "expand-brackets": {
      "version": "0.1.5",
      "resolved": "http://registry.npm.taobao.org/expand-brackets/download/expand-brackets-0.1.5.tgz",
      "integrity": "sha1-3wcoTjQqgHzXM6xa9yQR5YHRF3s="
    },
    "expand-range": {
      "version": "1.8.2",
      "resolved": "http://registry.npm.taobao.org/expand-range/download/expand-range-1.8.2.tgz",
      "integrity": "sha1-opnv/TNf4nIeuujiV+x5ZE/IUzc="
    },
    "express": {
      "version": "4.15.3",
      "resolved": "http://registry.npm.taobao.org/express/download/express-4.15.3.tgz",
      "integrity": "sha1-urZdDwOqgMNYQIly/HAPkWlEtmI="
    },
    "extglob": {
      "version": "0.3.2",
      "resolved": "http://registry.npm.taobao.org/extglob/download/extglob-0.3.2.tgz",
      "integrity": "sha1-Lhj/PS9JqydlzskCPwEdqo2DSaE=",
      "dependencies": {
        "is-extglob": {
          "version": "1.0.0",
          "resolved": "http://registry.npm.taobao.org/is-extglob/download/is-extglob-1.0.0.tgz",
          "integrity": "sha1-rEaBd8SUNAWgkvyPKXYMb/xiBsA="
        }
      }
    },
    "filename-regex": {
      "version": "2.0.1",
      "resolved": "http://registry.npm.taobao.org/filename-regex/download/filename-regex-2.0.1.tgz",
      "integrity": "sha1-wcS5vuPglyXdsQa3XB4wH+LxiyY="
    },
    "fill-range": {
      "version": "2.2.3",
      "resolved": "http://registry.npm.taobao.org/fill-range/download/fill-range-2.2.3.tgz",
      "integrity": "sha1-ULd9/X5Gm8dJJHCWNpn+eoSFpyM="
    },
    "finalhandler": {
      "version": "1.0.3",
      "resolved": "http://registry.npm.taobao.org/finalhandler/download/finalhandler-1.0.3.tgz",
      "integrity": "sha1-70fneVDpmXgOhgIqVg4yF+DQzIk="
    },
    "for-in": {
      "version": "1.0.2",
      "resolved": "http://registry.npm.taobao.org/for-in/download/for-in-1.0.2.tgz",
      "integrity": "sha1-gQaNKVqBQuwKxybG4iAMMPttXoA="
    },
    "for-own": {
      "version": "0.1.5",
      "resolved": "http://registry.npm.taobao.org/for-own/download/for-own-0.1.5.tgz",
      "integrity": "sha1-UmXGgaTylNq78XyVCbZ2OqhFEM4="
    },
    "forwarded": {
      "version": "0.1.0",
      "resolved": "http://registry.npm.taobao.org/forwarded/download/forwarded-0.1.0.tgz",
      "integrity": "sha1-Ge+YdMSuHCl7zweP3mOgm2aoQ2M="
    },
    "fresh": {
      "version": "0.5.0",
      "resolved": "http://registry.npm.taobao.org/fresh/download/fresh-0.5.0.tgz",
      "integrity": "sha1-9HTKXmqSRtb9jglTz6m5yAWvp44="
    },
    "glob-base": {
      "version": "0.3.0",
      "resolved": "http://registry.npm.taobao.org/glob-base/download/glob-base-0.3.0.tgz",
      "integrity": "sha1-27Fk9iIbHAscz4Kuoyi0l98Oo8Q=",
      "dependencies": {
        "is-extglob": {
          "version": "1.0.0",
          "resolved": "http://registry.npm.taobao.org/is-extglob/download/is-extglob-1.0.0.tgz",
          "integrity": "sha1-rEaBd8SUNAWgkvyPKXYMb/xiBsA="
        },
        "is-glob": {
          "version": "2.0.1",
          "resolved": "http://registry.npm.taobao.org/is-glob/download/is-glob-2.0.1.tgz",
          "integrity": "sha1-0Jb5JqPe1WAPP9/ZEZjLCIjC2GM="
        }
      }
    },
    "glob-parent": {
      "version": "2.0.0",
      "resolved": "http://registry.npm.taobao.org/glob-parent/download/glob-parent-2.0.0.tgz",
      "integrity": "sha1-gTg9ctsFT8zPUzbaqQLxgvbtuyg=",
      "dependencies": {
        "is-extglob": {
          "version": "1.0.0",
          "resolved": "http://registry.npm.taobao.org/is-extglob/download/is-extglob-1.0.0.tgz",
          "integrity": "sha1-rEaBd8SUNAWgkvyPKXYMb/xiBsA="
        },
        "is-glob": {
          "version": "2.0.1",
          "resolved": "http://registry.npm.taobao.org/is-glob/download/is-glob-2.0.1.tgz",
          "integrity": "sha1-0Jb5JqPe1WAPP9/ZEZjLCIjC2GM="
        }
      }
    },
    "has-binary2": {
      "version": "1.0.2",
      "resolved": "http://registry.npm.taobao.org/has-binary2/download/has-binary2-1.0.2.tgz",
      "integrity": "sha1-6D26SfC5vk0CbSc2U1DZ8D9Uvpg=",
      "dependencies": {
        "isarray": {
          "version": "2.0.1",
          "resolved": "http://registry.npm.taobao.org/isarray/download/isarray-2.0.1.tgz",
          "integrity": "sha1-o32U7ZzaLVmGXJ92/llu4fM4dB4="
        }
      }
    },
    "has-cors": {
      "version": "1.1.0",
      "resolved": "http://registry.npm.taobao.org/has-cors/download/has-cors-1.1.0.tgz",
      "integrity": "sha1-XkdHk/fqmEPRu5nCPu9J/xJv/zk="
    },
    "http-errors": {
      "version": "1.6.1",
      "resolved": "http://registry.npm.taobao.org/http-errors/download/http-errors-1.6.1.tgz",
      "integrity": "sha1-X4uO2YrKVFZWv1cplzh/kEpyIlc="
    },
    "http-proxy": {
      "version": "1.16.2",
      "resolved": "http://registry.npm.taobao.org/http-proxy/download/http-proxy-1.16.2.tgz",
      "integrity": "sha1-Bt/ykpUr9k2+hHH6nfcwZtTzd0I="
    },
    "http-proxy-middleware": {
      "version": "0.17.4",
      "resolved": "http://registry.npm.taobao.org/http-proxy-middleware/download/http-proxy-middleware-0.17.4.tgz",
      "integrity": "sha1-ZC6ISIUdZvCdTxJJEoRtuutBuDM="
    },
    "indexof": {
      "version": "0.0.1",
      "resolved": "http://registry.npm.taobao.org/indexof/download/indexof-0.0.1.tgz",
      "integrity": "sha1-gtwzbSMrkGIXnQWrMpOmYFn9Q10="
    },
    "inherits": {
      "version": "2.0.3",
      "resolved": "http://registry.npm.taobao.org/inherits/download/inherits-2.0.3.tgz",
      "integrity": "sha1-Yzwsg+PaQqUC9SRmAiSA9CCCYd4="
    },
    "ipaddr.js": {
      "version": "1.3.0",
      "resolved": "http://registry.npm.taobao.org/ipaddr.js/download/ipaddr.js-1.3.0.tgz",
      "integrity": "sha1-HgOlL9rYOou7KyXL9JmLTP/NPew="
    },
    "is-buffer": {
      "version": "1.1.5",
      "resolved": "http://registry.npm.taobao.org/is-buffer/download/is-buffer-1.1.5.tgz",
      "integrity": "sha1-Hzsm72E7IUuIy8ojzGwB2Hlh7sw="
    },
    "is-dotfile": {
      "version": "1.0.3",
      "resolved": "http://registry.npm.taobao.org/is-dotfile/download/is-dotfile-1.0.3.tgz",
      "integrity": "sha1-pqLzL/0t+wT1yiXs0Pa4PPeYoeE="
    },
    "is-equal-shallow": {
      "version": "0.1.3",
      "resolved": "http://registry.npm.taobao.org/is-equal-shallow/download/is-equal-shallow-0.1.3.tgz",
      "integrity": "sha1-IjgJj8Ih3gvPpdnqxMRdY4qhxTQ="
    },
    "is-extendable": {
      "version": "0.1.1",
      "resolved": "http://registry.npm.taobao.org/is-extendable/download/is-extendable-0.1.1.tgz",
      "integrity": "sha1-YrEQ4omkcUGOPsNqYX1HLjAd/Ik="
    },
    "is-extglob": {
      "version": "2.1.1",
      "resolved": "http://registry.npm.taobao.org/is-extglob/download/is-extglob-2.1.1.tgz",
      "integrity": "sha1-qIwCU1eR8C7TfHahueqXc8gz+MI="
    },
    "is-glob": {
      "version": "3.1.0",
      "resolved": "http://registry.npm.taobao.org/is-glob/download/is-glob-3.1.0.tgz",
      "integrity": "sha1-e6WuJCF4BKxwcHuWkiVnSGzD6Eo="
    },
    "is-number": {
      "version": "2.1.0",
      "resolved": "http://registry.npm.taobao.org/is-number/download/is-number-2.1.0.tgz",
      "integrity": "sha1-Afy7s5NGOlSPL0ZszhbezknbkI8="
    },
    "is-posix-bracket": {
      "version": "0.1.1",
      "resolved": "http://registry.npm.taobao.org/is-posix-bracket/download/is-posix-bracket-0.1.1.tgz",
      "integrity": "sha1-MzTceXdDaOkvAW5vvAqI9c1ua8Q="
    },
    "is-primitive": {
      "version": "2.0.0",
      "resolved": "http://registry.npm.taobao.org/is-primitive/download/is-primitive-2.0.0.tgz",
      "integrity": "sha1-IHurkWOEmcB7Kt8kCkGochADRXU="
    },
    "isarray": {
      "version": "1.0.0",
      "resolved": "http://registry.npm.taobao.org/isarray/download/isarray-1.0.0.tgz",
      "integrity": "sha1-u5NdSFgsuhaMBoNJV6VKPgcSTxE="
    },
    "isobject": {
      "version": "2.1.0",
      "resolved": "http://registry.npm.taobao.org/isobject/download/isobject-2.1.0.tgz",
      "integrity": "sha1-8GVWEJaj8dou9GJy+BXIQNh+DIk="
    },
    "kind-of": {
      "version": "3.2.2",
      "resolved": "http://registry.npm.taobao.org/kind-of/download/kind-of-3.2.2.tgz",
      "integrity": "sha1-MeohpzS6ubuw8yRm2JOupR5KPGQ="
    },
    "lodash": {
      "version": "4.17.4",
      "resolved": "http://registry.npm.taobao.org/lodash/download/lodash-4.17.4.tgz",
      "integrity": "sha1-eCA6TRwyiuHYbcpkYONptX9AVa4="
    },
    "media-typer": {
      "version": "0.3.0",
      "resolved": "http://registry.npm.taobao.org/media-typer/download/media-typer-0.3.0.tgz",
      "integrity": "sha1-hxDXrwqmJvj/+hzgAWhUUmMlV0g="
    },
    "merge-descriptors": {
      "version": "1.0.1",
      "resolved": "http://registry.npm.taobao.org/merge-descriptors/download/merge-descriptors-1.0.1.tgz",
      "integrity": "sha1-sAqqVW3YtEVoFQ7J0blT8/kMu2E="
    },
    "methods": {
      "version": "1.1.2",
      "resolved": "http://registry.npm.taobao.org/methods/download/methods-1.1.2.tgz",
      "integrity": "sha1-VSmk1nZUE07cxSZmVoNbD4Ua/O4="
    },
    "micromatch": {
      "version": "2.3.11",
      "resolved": "http://registry.npm.taobao.org/micromatch/download/micromatch-2.3.11.tgz",
      "integrity": "sha1-hmd8l9FyCzY0MdBNDRUpO9OMFWU=",
      "dependencies": {
        "is-extglob": {
          "version": "1.0.0",
          "resolved": "http://registry.npm.taobao.org/is-extglob/download/is-extglob-1.0.0.tgz",
          "integrity": "sha1-rEaBd8SUNAWgkvyPKXYMb/xiBsA="
        },
        "is-glob": {
          "version": "2.0.1",
          "resolved": "http://registry.npm.taobao.org/is-glob/download/is-glob-2.0.1.tgz",
          "integrity": "sha1-0Jb5JqPe1WAPP9/ZEZjLCIjC2GM="
        }
      }
    },
    "mime": {
      "version": "1.3.4",
      "resolved": "http://registry.npm.taobao.org/mime/download/mime-1.3.4.tgz",
      "integrity": "sha1-EV+eO2s9rylZmDyzjxSaLUDrXVM="
    },
    "mime-db": {
      "version": "1.27.0",
      "resolved": "http://registry.npm.taobao.org/mime-db/download/mime-db-1.27.0.tgz",
      "integrity": "sha1-gg9XIpa70g7CXtVeW13oaeVDbrE="
    },
    "mime-types": {
      "version": "2.1.15",
      "resolved": "http://registry.npm.taobao.org/mime-types/download/mime-types-2.1.15.tgz",
      "integrity": "sha1-pOv1BkCUVpI3uM9wBGd20J/JKu0="
    },
    "ms": {
      "version": "2.0.0",
      "resolved": "http://registry.npm.taobao.org/ms/download/ms-2.0.0.tgz",
      "integrity": "sha1-VgiurfwAvmwpAd9fmGF4jeDVl8g="
    },
    "negotiator": {
      "version": "0.6.1",
      "resolved": "http://registry.npm.taobao.org/negotiator/download/negotiator-0.6.1.tgz",
      "integrity": "sha1-KzJxhOiZIQEXeyhWP7XnECrNDKk="
    },
    "normalize-path": {
      "version": "2.1.1",
      "resolved": "http://registry.npm.taobao.org/normalize-path/download/normalize-path-2.1.1.tgz",
      "integrity": "sha1-GrKLVW4Zg2Oowab35vogE3/mrtk="
    },
    "object-assign": {
      "version": "4.1.1",
      "resolved": "http://registry.npm.taobao.org/object-assign/download/object-assign-4.1.1.tgz",
      "integrity": "sha1-IQmtx5ZYh8/AXLvUQsrIv7s2CGM="
    },
    "object-component": {
      "version": "0.0.3",
      "resolved": "http://registry.npm.taobao.org/object-component/download/object-component-0.0.3.tgz",
      "integrity": "sha1-8MaapQ78lbhmwYb0AKM3acsvEpE="
    },
    "object.omit": {
      "version": "2.0.1",
      "resolved": "http://registry.npm.taobao.org/object.omit/download/object.omit-2.0.1.tgz",
      "integrity": "sha1-Gpx0SCnznbuFjHbKNXmuKlTr0fo="
    },
    "on-finished": {
      "version": "2.3.0",
      "resolved": "http://registry.npm.taobao.org/on-finished/download/on-finished-2.3.0.tgz",
      "integrity": "sha1-IPEzZIGwg811M3mSoWlxqi2QaUc="
    },
    "parse-glob": {
      "version": "3.0.4",
      "resolved": "http://registry.npm.taobao.org/parse-glob/download/parse-glob-3.0.4.tgz",
      "integrity": "sha1-ssN2z7EfNVE7rdFz7wu246OIORw=",
      "dependencies": {
        "is-extglob": {
          "version": "1.0.0",
          "resolved": "http://registry.npm.taobao.org/is-extglob/download/is-extglob-1.0.0.tgz",
          "integrity": "sha1-rEaBd8SUNAWgkvyPKXYMb/xiBsA="
        },
        "is-glob": {
          "version": "2.0.1",
          "resolved": "http://registry.npm.taobao.org/is-glob/download/is-glob-2.0.1.tgz",
          "integrity": "sha1-0Jb5JqPe1WAPP9/ZEZjLCIjC2GM="
        }
      }
    },
    "parsejson": {
      "version": "0.0.3",
      "resolved": "http://registry.npm.taobao.org/parsejson/download/parsejson-0.0.3.tgz",
      "integrity": "sha1-q343WfIJ7OmUN5c/fQ8fZK4OZKs="
    },
    "parseqs": {
      "version": "0.0.5",
      "resolved": "http://registry.npm.taobao.org/parseqs/download/parseqs-0.0.5.tgz",
      "integrity": "sha1-1SCKNzjkZ2bikbouoXNoSSGouJ0="
    },
    "parseuri": {
      "version": "0.0.5",
      "resolved": "http://registry.npm.taobao.org/parseuri/download/parseuri-0.0.5.tgz",
      "integrity": "sha1-gCBKUNTbt3m/3G6+J3jZDkvOMgo="
    },
    "parseurl": {
      "version": "1.3.1",
      "resolved": "http://registry.npm.taobao.org/parseurl/download/parseurl-1.3.1.tgz",
      "integrity": "sha1-yKuMkiO6NIiKpkopeyiFO+wY2lY="
    },
    "path-to-regexp": {
      "version": "0.1.7",
      "resolved": "http://registry.npm.taobao.org/path-to-regexp/download/path-to-regexp-0.1.7.tgz",
      "integrity": "sha1-32BBeABfUi8V60SQ5yR6G/qmf4w="
    },
    "preserve": {
      "version": "0.2.0",
      "resolved": "http://registry.npm.taobao.org/preserve/download/preserve-0.2.0.tgz",
      "integrity": "sha1-gV7R9uvGWSb4ZbMQwHE7yzMVzks="
    },
    "proxy-addr": {
      "version": "1.1.4",
      "resolved": "http://registry.npm.taobao.org/proxy-addr/download/proxy-addr-1.1.4.tgz",
      "integrity": "sha1-J+VF9pYKRKYn2bREZ+NcG2tM4vM="
    },
    "qs": {
      "version": "6.4.0",
      "resolved": "http://registry.npm.taobao.org/qs/download/qs-6.4.0.tgz",
      "integrity": "sha1-E+JtKK1rD/qpExLNO/cI7TUecjM="
    },
    "randomatic": {
      "version": "1.1.7",
      "resolved": "http://registry.npm.taobao.org/randomatic/download/randomatic-1.1.7.tgz",
      "integrity": "sha1-x6vpzIuHwLqodrGf3oP9RkeX44w=",
      "dependencies": {
        "is-number": {
          "version": "3.0.0",
          "resolved": "http://registry.npm.taobao.org/is-number/download/is-number-3.0.0.tgz",
          "integrity": "sha1-JP1iAaR4LPUFYcgQJ2r8fRLXEZU=",
          "dependencies": {
            "kind-of": {
              "version": "3.2.2",
              "resolved": "http://registry.npm.taobao.org/kind-of/download/kind-of-3.2.2.tgz",
              "integrity": "sha1-MeohpzS6ubuw8yRm2JOupR5KPGQ="
            }
          }
        },
        "kind-of": {
          "version": "4.0.0",
          "resolved": "http://registry.npm.taobao.org/kind-of/download/kind-of-4.0.0.tgz",
          "integrity": "sha1-IIE989cSkosgc3hpGkUGb65y3Vc="
        }
      }
    },
    "range-parser": {
      "version": "1.2.0",
      "resolved": "http://registry.npm.taobao.org/range-parser/download/range-parser-1.2.0.tgz",
      "integrity": "sha1-9JvmtIeJTdxA3MlKMi9hEJLgDV4="
    },
    "regex-cache": {
      "version": "0.4.3",
      "resolved": "http://registry.npm.taobao.org/regex-cache/download/regex-cache-0.4.3.tgz",
      "integrity": "sha1-mxpsNdTQ3871cRrmUejp09cRQUU="
    },
    "remove-trailing-separator": {
      "version": "1.0.2",
      "resolved": "http://registry.npm.taobao.org/remove-trailing-separator/download/remove-trailing-separator-1.0.2.tgz",
      "integrity": "sha1-abBi2XhyetFNxrVrpKt3L9jXBRE="
    },
    "repeat-element": {
      "version": "1.1.2",
      "resolved": "http://registry.npm.taobao.org/repeat-element/download/repeat-element-1.1.2.tgz",
      "integrity": "sha1-7wiaF40Ug7quTZPrmLT55OEdmQo="
    },
    "repeat-string": {
      "version": "1.6.1",
      "resolved": "http://registry.npm.taobao.org/repeat-string/download/repeat-string-1.6.1.tgz",
      "integrity": "sha1-jcrkcOHIirwtYA//Sndihtp15jc="
    },
    "requires-port": {
      "version": "1.0.0",
      "resolved": "http://registry.npm.taobao.org/requires-port/download/requires-port-1.0.0.tgz",
      "integrity": "sha1-kl0mAdOaxIXgkc8NpcbmlNw9yv8="
    },
    "safe-buffer": {
      "version": "5.0.1",
      "resolved": "http://registry.npm.taobao.org/safe-buffer/download/safe-buffer-5.0.1.tgz",
      "integrity": "sha1-0mPKVGls2KMGtcplUekt5XkY++c="
    },
    "send": {
      "version": "0.15.3",
      "resolved": "http://registry.npm.taobao.org/send/download/send-0.15.3.tgz",
      "integrity": "sha1-UBP5+ZAj31DRvZiSwZ4979HVMwk="
    },
    "serve-static": {
      "version": "1.12.3",
      "resolved": "http://registry.npm.taobao.org/serve-static/download/serve-static-1.12.3.tgz",
      "integrity": "sha1-n0uhni8wMMVH+K+ZEHg47DjVseI="
    },
    "setprototypeof": {
      "version": "1.0.3",
      "resolved": "http://registry.npm.taobao.org/setprototypeof/download/setprototypeof-1.0.3.tgz",
      "integrity": "sha1-ZlZ+NwQ+608E2RvWWMDL77VbjgQ="
    },
    "socket.io": {
      "version": "2.0.3",
      "resolved": "http://registry.npm.taobao.org/socket.io/download/socket.io-2.0.3.tgz",
      "integrity": "sha1-Q1nwaiSTOua9CHeYr3jGgOrjReM="
    },
    "socket.io-adapter": {
      "version": "1.1.0",
      "resolved": "http://registry.npm.taobao.org/socket.io-adapter/download/socket.io-adapter-1.1.0.tgz",
      "integrity": "sha1-x6pGUB3VVsLLiiivj/lcC14dqkw=",
      "dependencies": {
        "debug": {
          "version": "2.3.3",
          "resolved": "http://registry.npm.taobao.org/debug/download/debug-2.3.3.tgz",
          "integrity": "sha1-QMRT5n5uE8kB3ewxeviYbNqe/4w="
        },
        "ms": {
          "version": "0.7.2",
          "resolved": "http://registry.npm.taobao.org/ms/download/ms-0.7.2.tgz",
          "integrity": "sha1-riXPJRKziFodldfwN4aNhDESR2U="
        }
      }
    },
    "socket.io-client": {
      "version": "2.0.3",
      "resolved": "http://registry.npm.taobao.org/socket.io-client/download/socket.io-client-2.0.3.tgz",
      "integrity": "sha1-bK9K/5+FsZ/ZG2zhPWmttWT4hzs="
    },
    "socket.io-parser": {
      "version": "3.1.2",
      "resolved": "http://registry.npm.taobao.org/socket.io-parser/download/socket.io-parser-3.1.2.tgz",
      "integrity": "sha1-28IoIVH8T6675Aru3Ady66YZ9/I=",
      "dependencies": {
        "isarray": {
          "version": "2.0.1",
          "resolved": "http://registry.npm.taobao.org/isarray/download/isarray-2.0.1.tgz",
          "integrity": "sha1-o32U7ZzaLVmGXJ92/llu4fM4dB4="
        }
      }
    },
    "statuses": {
      "version": "1.3.1",
      "resolved": "http://registry.npm.taobao.org/statuses/download/statuses-1.3.1.tgz",
      "integrity": "sha1-+vUbnrdKrvOzrPStX2Gr8ky3uT4="
    },
    "to-array": {
      "version": "0.1.4",
      "resolved": "http://registry.npm.taobao.org/to-array/download/to-array-0.1.4.tgz",
      "integrity": "sha1-F+bBH3PdTz10zaek/zI46a2b+JA="
    },
    "type-is": {
      "version": "1.6.15",
      "resolved": "http://registry.npm.taobao.org/type-is/download/type-is-1.6.15.tgz",
      "integrity": "sha1-yrEPtJCeRByChC6v4a1kbIGARBA="
    },
    "ultron": {
      "version": "1.1.0",
      "resolved": "http://registry.npm.taobao.org/ultron/download/ultron-1.1.0.tgz",
      "integrity": "sha1-sHoualQagV/Go0zNRTO67DB8qGQ="
    },
    "unpipe": {
      "version": "1.0.0",
      "resolved": "http://registry.npm.taobao.org/unpipe/download/unpipe-1.0.0.tgz",
      "integrity": "sha1-sr9O6FFKrmFltIF4KdIbLvSZBOw="
    },
    "utils-merge": {
      "version": "1.0.0",
      "resolved": "http://registry.npm.taobao.org/utils-merge/download/utils-merge-1.0.0.tgz",
      "integrity": "sha1-ApT7kiu5N1FTVBxPcJYjHyh8ivg="
    },
    "uws": {
      "version": "0.14.5",
      "resolved": "http://registry.npm.taobao.org/uws/download/uws-0.14.5.tgz",
      "integrity": "sha1-Z6rzPEaypYel9mZtAPdpEyjxSdw=",
      "optional": true
    },
    "vary": {
      "version": "1.1.1",
      "resolved": "http://registry.npm.taobao.org/vary/download/vary-1.1.1.tgz",
      "integrity": "sha1-Z1Neu2lMHVIldFeYRmUyP1h+jTc="
    },
    "ws": {
      "version": "2.3.1",
      "resolved": "http://registry.npm.taobao.org/ws/download/ws-2.3.1.tgz",
      "integrity": "sha1-a5Sz5EfLajY/eF6vlK9jWejoHIA="
    },
    "xmlhttprequest-ssl": {
      "version": "1.5.3",
      "resolved": "http://registry.npm.taobao.org/xmlhttprequest-ssl/download/xmlhttprequest-ssl-1.5.3.tgz",
      "integrity": "sha1-GFqIjATspGw+QHDZn3tJ3jUomS0="
    },
    "yeast": {
      "version": "0.1.2",
      "resolved": "http://registry.npm.taobao.org/yeast/download/yeast-0.1.2.tgz",
      "integrity": "sha1-AI4G2AlDIMNy28L47XagymyKxBk="
    }
  }
}
